
Microsoft Visual Studio Solution File, Format Version 12.00
# Visual Studio Version 16
VisualStudioVersion = 16.0.31911.196
MinimumVisualStudioVersion = 10.0.40219.1
Project("{FAE04EC0-301F-11D3-BF4B-00C04F79EFBC}") = "Calculator2", "Calculator2.csproj", "{AA8F039C-9930-4A05-9AC6-4300E27BA797}"
EndProject
Global
	GlobalSection(SolutionConfigurationPlatforms) = preSolution
		Debug|Any CPU = Debug|Any CPU
		Release|Any CPU = Release|Any CPU
	EndGlobalSection
	GlobalSection(ProjectConfigurationPlatforms) = postSolution
		{AA8F039C-9930-4A05-9AC6-4300E27BA797}.Debug|Any CPU.ActiveCfg = Debug|Any CPU
		{AA8F039C-9930-4A05-9AC6-4300E27BA797}.Debug|Any CPU.Build.0 = Debug|Any CPU
		{AA8F039C-9930-4A05-9AC6-4300E27BA797}.Release|Any CPU.ActiveCfg = Release|Any CPU
		{AA8F039C-9930-4A05-9AC6-4300E27BA797}.Release|Any CPU.Build.0 = Release|Any CPU
	EndGlobalSection
	GlobalSection(SolutionProperties) = preSolution
		HideSolutionNode = FALSE
	EndGlobalSection
	GlobalSection(ExtensibilityGlobals) = postSolution
		SolutionGuid = {7699EB60-0A19-44DD-8744-11826CDE5E0C}
	EndGlobalSection
EndGlobal
