
Microsoft Visual Studio Solution File, Format Version 12.00
# Visual Studio Version 16
VisualStudioVersion = 16.0.31911.196
MinimumVisualStudioVersion = 10.0.40219.1
Project("{FAE04EC0-301F-11D3-BF4B-00C04F79EFBC}") = "AccountBook", "AccountBook.csproj", "{3549E1AA-B0F0-4A88-93CB-B8F100E19341}"
EndProject
Global
	GlobalSection(SolutionConfigurationPlatforms) = preSolution
		Debug|Any CPU = Debug|Any CPU
		Release|Any CPU = Release|Any CPU
	EndGlobalSection
	GlobalSection(ProjectConfigurationPlatforms) = postSolution
		{3549E1AA-B0F0-4A88-93CB-B8F100E19341}.Debug|Any CPU.ActiveCfg = Debug|Any CPU
		{3549E1AA-B0F0-4A88-93CB-B8F100E19341}.Debug|Any CPU.Build.0 = Debug|Any CPU
		{3549E1AA-B0F0-4A88-93CB-B8F100E19341}.Release|Any CPU.ActiveCfg = Release|Any CPU
		{3549E1AA-B0F0-4A88-93CB-B8F100E19341}.Release|Any CPU.Build.0 = Release|Any CPU
	EndGlobalSection
	GlobalSection(SolutionProperties) = preSolution
		HideSolutionNode = FALSE
	EndGlobalSection
	GlobalSection(ExtensibilityGlobals) = postSolution
		SolutionGuid = {A617E4CA-D4A7-4AA3-ADB2-F39663571D73}
	EndGlobalSection
EndGlobal
