
Microsoft Visual Studio Solution File, Format Version 12.00
# Visual Studio Version 16
VisualStudioVersion = 16.0.31911.196
MinimumVisualStudioVersion = 10.0.40219.1
Project("{FAE04EC0-301F-11D3-BF4B-00C04F79EFBC}") = "1214_practice", "1214_practice.csproj", "{50777CCE-CB98-4CC7-B8A0-59313A4D7E2D}"
EndProject
Global
	GlobalSection(SolutionConfigurationPlatforms) = preSolution
		Debug|Any CPU = Debug|Any CPU
		Release|Any CPU = Release|Any CPU
	EndGlobalSection
	GlobalSection(ProjectConfigurationPlatforms) = postSolution
		{50777CCE-CB98-4CC7-B8A0-59313A4D7E2D}.Debug|Any CPU.ActiveCfg = Debug|Any CPU
		{50777CCE-CB98-4CC7-B8A0-59313A4D7E2D}.Debug|Any CPU.Build.0 = Debug|Any CPU
		{50777CCE-CB98-4CC7-B8A0-59313A4D7E2D}.Release|Any CPU.ActiveCfg = Release|Any CPU
		{50777CCE-CB98-4CC7-B8A0-59313A4D7E2D}.Release|Any CPU.Build.0 = Release|Any CPU
	EndGlobalSection
	GlobalSection(SolutionProperties) = preSolution
		HideSolutionNode = FALSE
	EndGlobalSection
	GlobalSection(ExtensibilityGlobals) = postSolution
		SolutionGuid = {8A169B57-1859-4719-A84E-4158B12703BD}
	EndGlobalSection
EndGlobal
